
Microsoft Visual Studio Solution File, Format Version 12.00
# Visual Studio Version 17
VisualStudioVersion = 17.14.36414.22 d17.14
MinimumVisualStudioVersion = 10.0.40219.1
Project("{FAE04EC0-301F-11D3-BF4B-00C04F79EFBC}") = "Web", "Web\Web.csproj", "{5856EEA4-8C8F-407C-8597-AF64E065BB33}"
EndProject
Project("{FAE04EC0-301F-11D3-BF4B-00C04F79EFBC}") = "Core", "Core\Core.csproj", "{CEADF077-A399-4BEE-87A1-07EE930FBB55}"
EndProject
Project("{FAE04EC0-301F-11D3-BF4B-00C04F79EFBC}") = "Infrastructure", "Infrastructure\Infrastructure.csproj", "{AD8EE014-BABD-4DB8-91FC-DC72D03AABEB}"
EndProject
Global
	GlobalSection(SolutionConfigurationPlatforms) = preSolution
		Debug|Any CPU = Debug|Any CPU
		Release|Any CPU = Release|Any CPU
	EndGlobalSection
	GlobalSection(ProjectConfigurationPlatforms) = postSolution
		{5856EEA4-8C8F-407C-8597-AF64E065BB33}.Debug|Any CPU.ActiveCfg = Debug|Any CPU
		{5856EEA4-8C8F-407C-8597-AF64E065BB33}.Debug|Any CPU.Build.0 = Debug|Any CPU
		{5856EEA4-8C8F-407C-8597-AF64E065BB33}.Release|Any CPU.ActiveCfg = Release|Any CPU
		{5856EEA4-8C8F-407C-8597-AF64E065BB33}.Release|Any CPU.Build.0 = Release|Any CPU
		{CEADF077-A399-4BEE-87A1-07EE930FBB55}.Debug|Any CPU.ActiveCfg = Debug|Any CPU
		{CEADF077-A399-4BEE-87A1-07EE930FBB55}.Debug|Any CPU.Build.0 = Debug|Any CPU
		{CEADF077-A399-4BEE-87A1-07EE930FBB55}.Release|Any CPU.ActiveCfg = Release|Any CPU
		{CEADF077-A399-4BEE-87A1-07EE930FBB55}.Release|Any CPU.Build.0 = Release|Any CPU
		{AD8EE014-BABD-4DB8-91FC-DC72D03AABEB}.Debug|Any CPU.ActiveCfg = Debug|Any CPU
		{AD8EE014-BABD-4DB8-91FC-DC72D03AABEB}.Debug|Any CPU.Build.0 = Debug|Any CPU
		{AD8EE014-BABD-4DB8-91FC-DC72D03AABEB}.Release|Any CPU.ActiveCfg = Release|Any CPU
		{AD8EE014-BABD-4DB8-91FC-DC72D03AABEB}.Release|Any CPU.Build.0 = Release|Any CPU
	EndGlobalSection
	GlobalSection(SolutionProperties) = preSolution
		HideSolutionNode = FALSE
	EndGlobalSection
	GlobalSection(ExtensibilityGlobals) = postSolution
		SolutionGuid = {667B4B51-E7D4-4018-8092-CD5A5A0C7B1A}
	EndGlobalSection
EndGlobal
